
Microsoft Visual Studio Solution File, Format Version 12.00
# Visual Studio 2012
Project("{FAE04EC0-301F-11D3-BF4B-00C04F79EFBC}") = "StringTest", "StringTest\StringTest.csproj", "{38A79143-FB26-4728-8C9B-C90299412FDB}"
EndProject
Global
	GlobalSection(SolutionConfigurationPlatforms) = preSolution
		Debug|Any CPU = Debug|Any CPU
		Release|Any CPU = Release|Any CPU
	EndGlobalSection
	GlobalSection(ProjectConfigurationPlatforms) = postSolution
		{38A79143-FB26-4728-8C9B-C90299412FDB}.Debug|Any CPU.ActiveCfg = Debug|Any CPU
		{38A79143-FB26-4728-8C9B-C90299412FDB}.Debug|Any CPU.Build.0 = Debug|Any CPU
		{38A79143-FB26-4728-8C9B-C90299412FDB}.Release|Any CPU.ActiveCfg = Release|Any CPU
		{38A79143-FB26-4728-8C9B-C90299412FDB}.Release|Any CPU.Build.0 = Release|Any CPU
	EndGlobalSection
	GlobalSection(SolutionProperties) = preSolution
		HideSolutionNode = FALSE
	EndGlobalSection
EndGlobal
