
Microsoft Visual Studio Solution File, Format Version 12.00
# Visual Studio 2012
Project("{FAE04EC0-301F-11D3-BF4B-00C04F79EFBC}") = "ExampleAdd", "ExampleAdd\ExampleAdd.csproj", "{3C4499B0-FFAA-4D31-9FFD-AF7547B9D61B}"
EndProject
Global
	GlobalSection(SolutionConfigurationPlatforms) = preSolution
		Debug|Any CPU = Debug|Any CPU
		Release|Any CPU = Release|Any CPU
	EndGlobalSection
	GlobalSection(ProjectConfigurationPlatforms) = postSolution
		{3C4499B0-FFAA-4D31-9FFD-AF7547B9D61B}.Debug|Any CPU.ActiveCfg = Debug|Any CPU
		{3C4499B0-FFAA-4D31-9FFD-AF7547B9D61B}.Debug|Any CPU.Build.0 = Debug|Any CPU
		{3C4499B0-FFAA-4D31-9FFD-AF7547B9D61B}.Release|Any CPU.ActiveCfg = Release|Any CPU
		{3C4499B0-FFAA-4D31-9FFD-AF7547B9D61B}.Release|Any CPU.Build.0 = Release|Any CPU
	EndGlobalSection
	GlobalSection(SolutionProperties) = preSolution
		HideSolutionNode = FALSE
	EndGlobalSection
EndGlobal
