
Microsoft Visual Studio Solution File, Format Version 12.00
# Visual Studio 14
VisualStudioVersion = 14.0.23107.0
MinimumVisualStudioVersion = 10.0.40219.1
Project("{FAE04EC0-301F-11D3-BF4B-00C04F79EFBC}") = "EmployeeSortedList", "EmployeeSortedList\EmployeeSortedList.csproj", "{77E9E3C8-D0C6-45A4-A979-5805C9EE79AC}"
EndProject
Global
	GlobalSection(SolutionConfigurationPlatforms) = preSolution
		Debug|Any CPU = Debug|Any CPU
		Release|Any CPU = Release|Any CPU
	EndGlobalSection
	GlobalSection(ProjectConfigurationPlatforms) = postSolution
		{77E9E3C8-D0C6-45A4-A979-5805C9EE79AC}.Debug|Any CPU.ActiveCfg = Debug|Any CPU
		{77E9E3C8-D0C6-45A4-A979-5805C9EE79AC}.Debug|Any CPU.Build.0 = Debug|Any CPU
		{77E9E3C8-D0C6-45A4-A979-5805C9EE79AC}.Release|Any CPU.ActiveCfg = Release|Any CPU
		{77E9E3C8-D0C6-45A4-A979-5805C9EE79AC}.Release|Any CPU.Build.0 = Release|Any CPU
	EndGlobalSection
	GlobalSection(SolutionProperties) = preSolution
		HideSolutionNode = FALSE
	EndGlobalSection
EndGlobal
